// !$*UTF8*$!
{
	archiveVersion = 1;
	classes = {
	};
	objectVersion = 46;
	objects = {

/* Begin PBXBuildFile section */
		4D17185C1D1F7D3100BFDEFD /* AppDelegate.swift in Sources */ = {isa = PBXBuildFile; fileRef = 4D17185B1D1F7D3100BFDEFD /* AppDelegate.swift */; };
		4D17185E1D1F7D3100BFDEFD /* ViewController.swift in Sources */ = {isa = PBXBuildFile; fileRef = 4D17185D1D1F7D3100BFDEFD /* ViewController.swift */; };
		4D1718611D1F7D3100BFDEFD /* Main.storyboard in Resources */ = {isa = PBXBuildFile; fileRef = 4D17185F1D1F7D3100BFDEFD /* Main.storyboard */; };
		4D1718631D1F7D3100BFDEFD /* Assets.xcassets in Resources */ = {isa = PBXBuildFile; fileRef = 4D1718621D1F7D3100BFDEFD /* Assets.xcassets */; };
		4D1718661D1F7D3100BFDEFD /* LaunchScreen.storyboard in Resources */ = {isa = PBXBuildFile; fileRef = 4D1718641D1F7D3100BFDEFD /* LaunchScreen.storyboard */; };
/* End PBXBuildFile section */

/* Begin PBXFileReference section */
		4D1718581D1F7D3100BFDEFD /* SimpleSsqGenerator.app */ = {isa = PBXFileReference; explicitFileType = wrapper.application; includeInIndex = 0; path = SimpleSsqGenerator.app; sourceTree = BUILT_PRODUCTS_DIR; };
		4D17185B1D1F7D3100BFDEFD /* AppDelegate.swift */ = {isa = PBXFileReference; lastKnownFileType = sourcecode.swift; path = AppDelegate.swift; sourceTree = "<group>"; };
		4D17185D1D1F7D3100BFDEFD /* ViewController.swift */ = {isa = PBXFileReference; lastKnownFileType = sourcecode.swift; path = ViewController.swift; sourceTree = "<group>"; };
		4D1718601D1F7D3100BFDEFD /* Base */ = {isa = PBXFileReference; lastKnownFileType = file.storyboard; name = Base; path = Base.lproj/Main.storyboard; sourceTree = "<group>"; };
		4D1718621D1F7D3100BFDEFD /* Assets.xcassets */ = {isa = PBXFileReference; lastKnownFileType = folder.assetcatalog; path = Assets.xcassets; sourceTree = "<group>"; };
		4D1718651D1F7D3100BFDEFD /* Base */ = {isa = PBXFileReference; lastKnownFileType = file.storyboard; name = Base; path = Base.lproj/LaunchScreen.storyboard; sourceTree = "<group>"; };
		4D1718671D1F7D3100BFDEFD /* Info.plist */ = {isa = PBXFileReference; lastKnownFileType = text.plist.xml; path = Info.plist; sourceTree = "<group>"; };
/* End PBXFileReference section */

/* Begin PBXFrameworksBuildPhase section */
		4D1718551D1F7D3100BFDEFD /* Frameworks */ = {
			isa = PBXFrameworksBuildPhase;
			buildActionMask = 2147483647;
			files = (
			);
			runOnlyForDeploymentPostprocessing = 0;
		};
/* End PBXFrameworksBuildPhase section */

/* Begin PBXGroup section */
		4D17184F1D1F7D3100BFDEFD = {
			isa = PBXGroup;
			children = (
				4D17185A1D1F7D3100BFDEFD /* SimpleSsqGenerator */,
				4D1718591D1F7D3100BFDEFD /* Products */,
			);
			sourceTree = "<group>";
		};
		4D1718591D1F7D3100BFDEFD /* Products */ = {
			isa = PBXGroup;
			children = (
				4D1718581D1F7D3100BFDEFD /* SimpleSsqGenerator.app */,
			);
			name = Products;
			sourceTree = "<group>";
		};
		4D17185A1D1F7D3100BFDEFD /* SimpleSsqGenerator */ = {
			isa = PBXGroup;
			children = (
				4D17185B1D1F7D3100BFDEFD /* AppDelegate.swift */,
				4D17185D1D1F7D3100BFDEFD /* ViewController.swift */,
				4D17185F1D1F7D3100BFDEFD /* Main.storyboard */,
				4D1718621D1F7D3100BFDEFD /* Assets.xcassets */,
				4D1718641D1F7D3100BFDEFD /* LaunchScreen.storyboard */,
				4D1718671D1F7D3100BFDEFD /* Info.plist */,
			);
			path = SimpleSsqGenerator;
			sourceTree = "<group>";
		};
/* End PBXGroup section */

/* Begin PBXNativeTarget section */
		4D1718571D1F7D3100BFDEFD /* SimpleSsqGenerator */ = {
			isa = PBXNativeTarget;
			buildConfigurationList = 4D17186A1D1F7D3100BFDEFD /* Build configuration list for PBXNativeTarget "SimpleSsqGenerator" */;
			buildPhases = (
				4D1718541D1F7D3100BFDEFD /* Sources */,
				4D1718551D1F7D3100BFDEFD /* Frameworks */,
				4D1718561D1F7D3100BFDEFD /* Resources */,
			);
			buildRules = (
			);
			dependencies = (
			);
			name = SimpleSsqGenerator;
			productName = SimpleSsqGenerator;
			productReference = 4D1718581D1F7D3100BFDEFD /* SimpleSsqGenerator.app */;
			productType = "com.apple.product-type.application";
		};
/* End PBXNativeTarget section */

/* Begin PBXProject section */
		4D1718501D1F7D3100BFDEFD /* Project object */ = {
			isa = PBXProject;
			attributes = {
				LastSwiftUpdateCheck = 0730;
				LastUpgradeCheck = 0730;
				ORGANIZATIONNAME = loongeek;
				TargetAttributes = {
					4D1718571D1F7D3100BFDEFD = {
						CreatedOnToolsVersion = 7.3.1;
						DevelopmentTeam = Y52K8H9CBS;
					};
				};
			};
			buildConfigurationList = 4D1718531D1F7D3100BFDEFD /* Build configuration list for PBXProject "SimpleSsqGenerator" */;
			compatibilityVersion = "Xcode 3.2";
			developmentRegion = English;
			hasScannedForEncodings = 0;
			knownRegions = (
				en,
				Base,
			);
			mainGroup = 4D17184F1D1F7D3100BFDEFD;
			productRefGroup = 4D1718591D1F7D3100BFDEFD /* Products */;
			projectDirPath = "";
			projectRoot = "";
			targets = (
				4D1718571D1F7D3100BFDEFD /* SimpleSsqGenerator */,
			);
		};
/* End PBXProject section */

/* Begin PBXResourcesBuildPhase section */
		4D1718561D1F7D3100BFDEFD /* Resources */ = {
			isa = PBXResourcesBuildPhase;
			buildActionMask = 2147483647;
			files = (
				4D1718661D1F7D3100BFDEFD /* LaunchScreen.storyboard in Resources */,
				4D1718631D1F7D3100BFDEFD /* Assets.xcassets in Resources */,
				4D1718611D1F7D3100BFDEFD /* Main.storyboard in Resources */,
			);
			runOnlyForDeploymentPostprocessing = 0;
		};
/* End PBXResourcesBuildPhase section */

/* Begin PBXSourcesBuildPhase section */
		4D1718541D1F7D3100BFDEFD /* Sources */ = {
			isa = PBXSourcesBuildPhase;
			buildActionMask = 2147483647;
			files = (
				4D17185E1D1F7D3100BFDEFD /* ViewController.swift in Sources */,
				4D17185C1D1F7D3100BFDEFD /* AppDelegate.swift in Sources */,
			);
			runOnlyForDeploymentPostprocessing = 0;
		};
/* End PBXSourcesBuildPhase section */

/* Begin PBXVariantGroup section */
		4D17185F1D1F7D3100BFDEFD /* Main.storyboard */ = {
			isa = PBXVariantGroup;
			children = (
				4D1718601D1F7D3100BFDEFD /* Base */,
			);
			name = Main.storyboard;
			sourceTree = "<group>";
		};
		4D1718641D1F7D3100BFDEFD /* LaunchScreen.storyboard */ = {
			isa = PBXVariantGroup;
			children = (
				4D1718651D1F7D3100BFDEFD /* Base */,
			);
			name = LaunchScreen.storyboard;
			sourceTree = "<group>";
		};
/* End PBXVariantGroup section */

/* Begin XCBuildConfiguration section */
		4D1718681D1F7D3100BFDEFD /* Debug */ = {
			isa = XCBuildConfiguration;
			buildSettings = {
				ALWAYS_SEARCH_USER_PATHS = NO;
				CLANG_ANALYZER_NONNULL = YES;
				CLANG_CXX_LANGUAGE_STANDARD = "gnu++0x";
				CLANG_CXX_LIBRARY = "libc++";
				CLANG_ENABLE_MODULES = YES;
				CLANG_ENABLE_OBJC_ARC = YES;
				CLANG_WARN_BOOL_CONVERSION = YES;
				CLANG_WARN_CONSTANT_CONVERSION = YES;
				CLANG_WARN_DIRECT_OBJC_ISA_USAGE = YES_ERROR;
				CLANG_WARN_EMPTY_BODY = YES;
				CLANG_WARN_ENUM_CONVERSION = YES;
				CLANG_WARN_INT_CONVERSION = YES;
				CLANG_WARN_OBJC_ROOT_CLASS = YES_ERROR;
				CLANG_WARN_UNREACHABLE_CODE = YES;
				CLANG_WARN__DUPLICATE_METHOD_MATCH = YES;
				"CODE_SIGN_IDENTITY[sdk=iphoneos*]" = "iPhone Developer";
				COPY_PHASE_STRIP = NO;
				DEBUG_INFORMATION_FORMAT = dwarf;
				ENABLE_STRICT_OBJC_MSGSEND = YES;
				ENABLE_TESTABILITY = YES;
				GCC_C_LANGUAGE_STANDARD = gnu99;
				GCC_DYNAMIC_NO_PIC = NO;
				GCC_NO_COMMON_BLOCKS = YES;
				GCC_OPTIMIZATION_LEVEL = 0;
				GCC_PREPROCESSOR_DEFINITIONS = (
					"DEBUG=1",
					"$(inherited)",
				);
				GCC_WARN_64_TO_32_BIT_CONVERSION = YES;
				GCC_WARN_ABOUT_RETURN_TYPE = YES_ERROR;
				GCC_WARN_UNDECLARED_SELECTOR = YES;
				GCC_WARN_UNINITIALIZED_AUTOS = YES_AGGRESSIVE;
				GCC_WARN_UNUSED_FUNCTION = YES;
				GCC_WARN_UNUSED_VARIABLE = YES;
				IPHONEOS_DEPLOYMENT_TARGET = 9.3;
				MTL_ENABLE_DEBUG_INFO = YES;
				ONLY_ACTIVE_ARCH = YES;
				SDKROOT = iphoneos;
				SWIFT_OPTIMIZATION_LEVEL = "-Onone";
			};
			name = Debug;
		};
		4D1718691D1F7D3100BFDEFD /* Release */ = {
			isa = XCBuildConfiguration;
			buildSettings = {
				ALWAYS_SEARCH_USER_PATHS = NO;
				CLANG_ANALYZER_NONNULL = YES;
				CLANG_CXX_LANGUAGE_STANDARD = "gnu++0x";
				CLANG_CXX_LIBRARY = "libc++";
				CLANG_ENABLE_MODULES = YES;
				CLANG_ENABLE_OBJC_ARC = YES;
				CLANG_WARN_BOOL_CONVERSION = YES;
				CLANG_WARN_CONSTANT_CONVERSION = YES;
				CLANG_WARN_DIRECT_OBJC_ISA_USAGE = YES_ERROR;
				CLANG_WARN_EMPTY_BODY = YES;
				CLANG_WARN_ENUM_CONVERSION = YES;
				CLANG_WARN_INT_CONVERSION = YES;
				CLANG_WARN_OBJC_ROOT_CLASS = YES_ERROR;
				CLANG_WARN_UNREACHABLE_CODE = YES;
				CLANG_WARN__DUPLICATE_METHOD_MATCH = YES;
				"CODE_SIGN_IDENTITY[sdk=iphoneos*]" = "iPhone Developer";
				COPY_PHASE_STRIP = NO;
				DEBUG_INFORMATION_FORMAT = "dwarf-with-dsym";
				ENABLE_NS_ASSERTIONS = NO;
				ENABLE_STRICT_OBJC_MSGSEND = YES;
				GCC_C_LANGUAGE_STANDARD = gnu99;
				GCC_NO_COMMON_BLOCKS = YES;
				GCC_WARN_64_TO_32_BIT_CONVERSION = YES;
				GCC_WARN_ABOUT_RETURN_TYPE = YES_ERROR;
				GCC_WARN_UNDECLARED_SELECTOR = YES;
				GCC_WARN_UNINITIALIZED_AUTOS = YES_AGGRESSIVE;
				GCC_WARN_UNUSED_FUNCTION = YES;
				GCC_WARN_UNUSED_VARIABLE = YES;
				IPHONEOS_DEPLOYMENT_TARGET = 9.3;
				MTL_ENABLE_DEBUG_INFO = NO;
				SDKROOT = iphoneos;
				VALIDATE_PRODUCT = YES;
			};
			name = Release;
		};
		4D17186B1D1F7D3100BFDEFD /* Debug */ = {
			isa = XCBuildConfiguration;
			buildSettings = {
				ASSETCATALOG_COMPILER_APPICON_NAME = AppIcon;
				INFOPLIST_FILE = SimpleSsqGenerator/Info.plist;
				LD_RUNPATH_SEARCH_PATHS = "$(inherited) @executable_path/Frameworks";
				PRODUCT_BUNDLE_IDENTIFIER = com.loongeek.SimpleSsqGenerator;
				PRODUCT_NAME = "$(TARGET_NAME)";
			};
			name = Debug;
		};
		4D17186C1D1F7D3100BFDEFD /* Release */ = {
			isa = XCBuildConfiguration;
			buildSettings = {
				ASSETCATALOG_COMPILER_APPICON_NAME = AppIcon;
				INFOPLIST_FILE = SimpleSsqGenerator/Info.plist;
				LD_RUNPATH_SEARCH_PATHS = "$(inherited) @executable_path/Frameworks";
				PRODUCT_BUNDLE_IDENTIFIER = com.loongeek.SimpleSsqGenerator;
				PRODUCT_NAME = "$(TARGET_NAME)";
			};
			name = Release;
		};
/* End XCBuildConfiguration section */

/* Begin XCConfigurationList section */
		4D1718531D1F7D3100BFDEFD /* Build configuration list for PBXProject "SimpleSsqGenerator" */ = {
			isa = XCConfigurationList;
			buildConfigurations = (
				4D1718681D1F7D3100BFDEFD /* Debug */,
				4D1718691D1F7D3100BFDEFD /* Release */,
			);
			defaultConfigurationIsVisible = 0;
			defaultConfigurationName = Release;
		};
		4D17186A1D1F7D3100BFDEFD /* Build configuration list for PBXNativeTarget "SimpleSsqGenerator" */ = {
			isa = XCConfigurationList;
			buildConfigurations = (
				4D17186B1D1F7D3100BFDEFD /* Debug */,
				4D17186C1D1F7D3100BFDEFD /* Release */,
			);
			defaultConfigurationIsVisible = 0;
		};
/* End XCConfigurationList section */
	};
	rootObject = 4D1718501D1F7D3100BFDEFD /* Project object */;
}
